// !$*UTF8*$!
{
	archiveVersion = 1;
	classes = {
	};
	objectVersion = 50;
	objects = {

/* Begin PBXBuildFile section */
		DB29523425FA09B000C6444E /* AppDelegate.swift in Sources */ = {isa = PBXBuildFile; fileRef = DB29523325FA09B000C6444E /* AppDelegate.swift */; };
		DB29523625FA09B000C6444E /* art.scnassets in Resources */ = {isa = PBXBuildFile; fileRef = DB29523525FA09B000C6444E /* art.scnassets */; };
		DB29523825FA09B000C6444E /* RampPlacerVC.swift in Sources */ = {isa = PBXBuildFile; fileRef = DB29523725FA09B000C6444E /* RampPlacerVC.swift */; };
		DB29523B25FA09B000C6444E /* Main.storyboard in Resources */ = {isa = PBXBuildFile; fileRef = DB29523925FA09B000C6444E /* Main.storyboard */; };
		DB29523D25FA09B100C6444E /* Assets.xcassets in Resources */ = {isa = PBXBuildFile; fileRef = DB29523C25FA09B100C6444E /* Assets.xcassets */; };
		DB29524025FA09B100C6444E /* LaunchScreen.storyboard in Resources */ = {isa = PBXBuildFile; fileRef = DB29523E25FA09B100C6444E /* LaunchScreen.storyboard */; };
		DBE7C30125FA1C5300F82FAC /* RampPickerVC.swift in Sources */ = {isa = PBXBuildFile; fileRef = DBE7C30025FA1C5300F82FAC /* RampPickerVC.swift */; };
		DBE7C30625FA48E700F82FAC /* Ramp.swift in Sources */ = {isa = PBXBuildFile; fileRef = DBE7C30525FA48E700F82FAC /* Ramp.swift */; };
/* End PBXBuildFile section */

/* Begin PBXFileReference section */
		DB29523025FA09B000C6444E /* ramp-up.app */ = {isa = PBXFileReference; explicitFileType = wrapper.application; includeInIndex = 0; path = "ramp-up.app"; sourceTree = BUILT_PRODUCTS_DIR; };
		DB29523325FA09B000C6444E /* AppDelegate.swift */ = {isa = PBXFileReference; lastKnownFileType = sourcecode.swift; path = AppDelegate.swift; sourceTree = "<group>"; };
		DB29523525FA09B000C6444E /* art.scnassets */ = {isa = PBXFileReference; lastKnownFileType = wrapper.scnassets; path = art.scnassets; sourceTree = "<group>"; };
		DB29523725FA09B000C6444E /* RampPlacerVC.swift */ = {isa = PBXFileReference; lastKnownFileType = sourcecode.swift; path = RampPlacerVC.swift; sourceTree = "<group>"; };
		DB29523A25FA09B000C6444E /* Base */ = {isa = PBXFileReference; lastKnownFileType = file.storyboard; name = Base; path = Base.lproj/Main.storyboard; sourceTree = "<group>"; };
		DB29523C25FA09B100C6444E /* Assets.xcassets */ = {isa = PBXFileReference; lastKnownFileType = folder.assetcatalog; path = Assets.xcassets; sourceTree = "<group>"; };
		DB29523F25FA09B100C6444E /* Base */ = {isa = PBXFileReference; lastKnownFileType = file.storyboard; name = Base; path = Base.lproj/LaunchScreen.storyboard; sourceTree = "<group>"; };
		DB29524125FA09B100C6444E /* Info.plist */ = {isa = PBXFileReference; lastKnownFileType = text.plist.xml; path = Info.plist; sourceTree = "<group>"; };
		DBE7C30025FA1C5300F82FAC /* RampPickerVC.swift */ = {isa = PBXFileReference; lastKnownFileType = sourcecode.swift; path = RampPickerVC.swift; sourceTree = "<group>"; };
		DBE7C30525FA48E700F82FAC /* Ramp.swift */ = {isa = PBXFileReference; lastKnownFileType = sourcecode.swift; path = Ramp.swift; sourceTree = "<group>"; };
/* End PBXFileReference section */

/* Begin PBXFrameworksBuildPhase section */
		DB29522D25FA09B000C6444E /* Frameworks */ = {
			isa = PBXFrameworksBuildPhase;
			buildActionMask = 2147483647;
			files = (
			);
			runOnlyForDeploymentPostprocessing = 0;
		};
/* End PBXFrameworksBuildPhase section */

/* Begin PBXGroup section */
		DB29522725FA09B000C6444E = {
			isa = PBXGroup;
			children = (
				DB29523225FA09B000C6444E /* ramp-up */,
				DB29523125FA09B000C6444E /* Products */,
			);
			sourceTree = "<group>";
		};
		DB29523125FA09B000C6444E /* Products */ = {
			isa = PBXGroup;
			children = (
				DB29523025FA09B000C6444E /* ramp-up.app */,
			);
			name = Products;
			sourceTree = "<group>";
		};
		DB29523225FA09B000C6444E /* ramp-up */ = {
			isa = PBXGroup;
			children = (
				DBE7C30425FA48D800F82FAC /* Model */,
				DB29524825FA0B2B00C6444E /* Controller */,
				DB29523325FA09B000C6444E /* AppDelegate.swift */,
				DB29523525FA09B000C6444E /* art.scnassets */,
				DB29523925FA09B000C6444E /* Main.storyboard */,
				DB29523C25FA09B100C6444E /* Assets.xcassets */,
				DB29523E25FA09B100C6444E /* LaunchScreen.storyboard */,
				DB29524125FA09B100C6444E /* Info.plist */,
			);
			path = "ramp-up";
			sourceTree = "<group>";
		};
		DB29524825FA0B2B00C6444E /* Controller */ = {
			isa = PBXGroup;
			children = (
				DB29523725FA09B000C6444E /* RampPlacerVC.swift */,
				DBE7C30025FA1C5300F82FAC /* RampPickerVC.swift */,
			);
			path = Controller;
			sourceTree = "<group>";
		};
		DBE7C30425FA48D800F82FAC /* Model */ = {
			isa = PBXGroup;
			children = (
				DBE7C30525FA48E700F82FAC /* Ramp.swift */,
			);
			path = Model;
			sourceTree = "<group>";
		};
/* End PBXGroup section */

/* Begin PBXNativeTarget section */
		DB29522F25FA09B000C6444E /* ramp-up */ = {
			isa = PBXNativeTarget;
			buildConfigurationList = DB29524425FA09B100C6444E /* Build configuration list for PBXNativeTarget "ramp-up" */;
			buildPhases = (
				DB29522C25FA09B000C6444E /* Sources */,
				DB29522D25FA09B000C6444E /* Frameworks */,
				DB29522E25FA09B000C6444E /* Resources */,
			);
			buildRules = (
			);
			dependencies = (
			);
			name = "ramp-up";
			productName = "ramp-up";
			productReference = DB29523025FA09B000C6444E /* ramp-up.app */;
			productType = "com.apple.product-type.application";
		};
/* End PBXNativeTarget section */

/* Begin PBXProject section */
		DB29522825FA09B000C6444E /* Project object */ = {
			isa = PBXProject;
			attributes = {
				LastSwiftUpdateCheck = 1240;
				LastUpgradeCheck = 1240;
				TargetAttributes = {
					DB29522F25FA09B000C6444E = {
						CreatedOnToolsVersion = 12.4;
					};
				};
			};
			buildConfigurationList = DB29522B25FA09B000C6444E /* Build configuration list for PBXProject "ramp-up" */;
			compatibilityVersion = "Xcode 9.3";
			developmentRegion = en;
			hasScannedForEncodings = 0;
			knownRegions = (
				en,
				Base,
			);
			mainGroup = DB29522725FA09B000C6444E;
			productRefGroup = DB29523125FA09B000C6444E /* Products */;
			projectDirPath = "";
			projectRoot = "";
			targets = (
				DB29522F25FA09B000C6444E /* ramp-up */,
			);
		};
/* End PBXProject section */

/* Begin PBXResourcesBuildPhase section */
		DB29522E25FA09B000C6444E /* Resources */ = {
			isa = PBXResourcesBuildPhase;
			buildActionMask = 2147483647;
			files = (
				DB29523625FA09B000C6444E /* art.scnassets in Resources */,
				DB29524025FA09B100C6444E /* LaunchScreen.storyboard in Resources */,
				DB29523D25FA09B100C6444E /* Assets.xcassets in Resources */,
				DB29523B25FA09B000C6444E /* Main.storyboard in Resources */,
			);
			runOnlyForDeploymentPostprocessing = 0;
		};
/* End PBXResourcesBuildPhase section */

/* Begin PBXSourcesBuildPhase section */
		DB29522C25FA09B000C6444E /* Sources */ = {
			isa = PBXSourcesBuildPhase;
			buildActionMask = 2147483647;
			files = (
				DB29523825FA09B000C6444E /* RampPlacerVC.swift in Sources */,
				DBE7C30625FA48E700F82FAC /* Ramp.swift in Sources */,
				DBE7C30125FA1C5300F82FAC /* RampPickerVC.swift in Sources */,
				DB29523425FA09B000C6444E /* AppDelegate.swift in Sources */,
			);
			runOnlyForDeploymentPostprocessing = 0;
		};
/* End PBXSourcesBuildPhase section */

/* Begin PBXVariantGroup section */
		DB29523925FA09B000C6444E /* Main.storyboard */ = {
			isa = PBXVariantGroup;
			children = (
				DB29523A25FA09B000C6444E /* Base */,
			);
			name = Main.storyboard;
			sourceTree = "<group>";
		};
		DB29523E25FA09B100C6444E /* LaunchScreen.storyboard */ = {
			isa = PBXVariantGroup;
			children = (
				DB29523F25FA09B100C6444E /* Base */,
			);
			name = LaunchScreen.storyboard;
			sourceTree = "<group>";
		};
/* End PBXVariantGroup section */

/* Begin XCBuildConfiguration section */
		DB29524225FA09B100C6444E /* Debug */ = {
			isa = XCBuildConfiguration;
			buildSettings = {
				ALWAYS_SEARCH_USER_PATHS = NO;
				CLANG_ANALYZER_NONNULL = YES;
				CLANG_ANALYZER_NUMBER_OBJECT_CONVERSION = YES_AGGRESSIVE;
				CLANG_CXX_LANGUAGE_STANDARD = "gnu++14";
				CLANG_CXX_LIBRARY = "libc++";
				CLANG_ENABLE_MODULES = YES;
				CLANG_ENABLE_OBJC_ARC = YES;
				CLANG_ENABLE_OBJC_WEAK = YES;
				CLANG_WARN_BLOCK_CAPTURE_AUTORELEASING = YES;
				CLANG_WARN_BOOL_CONVERSION = YES;
				CLANG_WARN_COMMA = YES;
				CLANG_WARN_CONSTANT_CONVERSION = YES;
				CLANG_WARN_DEPRECATED_OBJC_IMPLEMENTATIONS = YES;
				CLANG_WARN_DIRECT_OBJC_ISA_USAGE = YES_ERROR;
				CLANG_WARN_DOCUMENTATION_COMMENTS = YES;
				CLANG_WARN_EMPTY_BODY = YES;
				CLANG_WARN_ENUM_CONVERSION = YES;
				CLANG_WARN_INFINITE_RECURSION = YES;
				CLANG_WARN_INT_CONVERSION = YES;
				CLANG_WARN_NON_LITERAL_NULL_CONVERSION = YES;
				CLANG_WARN_OBJC_IMPLICIT_RETAIN_SELF = YES;
				CLANG_WARN_OBJC_LITERAL_CONVERSION = YES;
				CLANG_WARN_OBJC_ROOT_CLASS = YES_ERROR;
				CLANG_WARN_QUOTED_INCLUDE_IN_FRAMEWORK_HEADER = YES;
				CLANG_WARN_RANGE_LOOP_ANALYSIS = YES;
				CLANG_WARN_STRICT_PROTOTYPES = YES;
				CLANG_WARN_SUSPICIOUS_MOVE = YES;
				CLANG_WARN_UNGUARDED_AVAILABILITY = YES_AGGRESSIVE;
				CLANG_WARN_UNREACHABLE_CODE = YES;
				CLANG_WARN__DUPLICATE_METHOD_MATCH = YES;
				COPY_PHASE_STRIP = NO;
				DEBUG_INFORMATION_FORMAT = dwarf;
				ENABLE_STRICT_OBJC_MSGSEND = YES;
				ENABLE_TESTABILITY = YES;
				GCC_C_LANGUAGE_STANDARD = gnu11;
				GCC_DYNAMIC_NO_PIC = NO;
				GCC_NO_COMMON_BLOCKS = YES;
				GCC_OPTIMIZATION_LEVEL = 0;
				GCC_PREPROCESSOR_DEFINITIONS = (
					"DEBUG=1",
					"$(inherited)",
				);
				GCC_WARN_64_TO_32_BIT_CONVERSION = YES;
				GCC_WARN_ABOUT_RETURN_TYPE = YES_ERROR;
				GCC_WARN_UNDECLARED_SELECTOR = YES;
				GCC_WARN_UNINITIALIZED_AUTOS = YES_AGGRESSIVE;
				GCC_WARN_UNUSED_FUNCTION = YES;
				GCC_WARN_UNUSED_VARIABLE = YES;
				IPHONEOS_DEPLOYMENT_TARGET = 14.4;
				MTL_ENABLE_DEBUG_INFO = INCLUDE_SOURCE;
				MTL_FAST_MATH = YES;
				ONLY_ACTIVE_ARCH = YES;
				SDKROOT = iphoneos;
				SWIFT_ACTIVE_COMPILATION_CONDITIONS = DEBUG;
				SWIFT_OPTIMIZATION_LEVEL = "-Onone";
			};
			name = Debug;
		};
		DB29524325FA09B100C6444E /* Release */ = {
			isa = XCBuildConfiguration;
			buildSettings = {
				ALWAYS_SEARCH_USER_PATHS = NO;
				CLANG_ANALYZER_NONNULL = YES;
				CLANG_ANALYZER_NUMBER_OBJECT_CONVERSION = YES_AGGRESSIVE;
				CLANG_CXX_LANGUAGE_STANDARD = "gnu++14";
				CLANG_CXX_LIBRARY = "libc++";
				CLANG_ENABLE_MODULES = YES;
				CLANG_ENABLE_OBJC_ARC = YES;
				CLANG_ENABLE_OBJC_WEAK = YES;
				CLANG_WARN_BLOCK_CAPTURE_AUTORELEASING = YES;
				CLANG_WARN_BOOL_CONVERSION = YES;
				CLANG_WARN_COMMA = YES;
				CLANG_WARN_CONSTANT_CONVERSION = YES;
				CLANG_WARN_DEPRECATED_OBJC_IMPLEMENTATIONS = YES;
				CLANG_WARN_DIRECT_OBJC_ISA_USAGE = YES_ERROR;
				CLANG_WARN_DOCUMENTATION_COMMENTS = YES;
				CLANG_WARN_EMPTY_BODY = YES;
				CLANG_WARN_ENUM_CONVERSION = YES;
				CLANG_WARN_INFINITE_RECURSION = YES;
				CLANG_WARN_INT_CONVERSION = YES;
				CLANG_WARN_NON_LITERAL_NULL_CONVERSION = YES;
				CLANG_WARN_OBJC_IMPLICIT_RETAIN_SELF = YES;
				CLANG_WARN_OBJC_LITERAL_CONVERSION = YES;
				CLANG_WARN_OBJC_ROOT_CLASS = YES_ERROR;
				CLANG_WARN_QUOTED_INCLUDE_IN_FRAMEWORK_HEADER = YES;
				CLANG_WARN_RANGE_LOOP_ANALYSIS = YES;
				CLANG_WARN_STRICT_PROTOTYPES = YES;
				CLANG_WARN_SUSPICIOUS_MOVE = YES;
				CLANG_WARN_UNGUARDED_AVAILABILITY = YES_AGGRESSIVE;
				CLANG_WARN_UNREACHABLE_CODE = YES;
				CLANG_WARN__DUPLICATE_METHOD_MATCH = YES;
				COPY_PHASE_STRIP = NO;
				DEBUG_INFORMATION_FORMAT = "dwarf-with-dsym";
				ENABLE_NS_ASSERTIONS = NO;
				ENABLE_STRICT_OBJC_MSGSEND = YES;
				GCC_C_LANGUAGE_STANDARD = gnu11;
				GCC_NO_COMMON_BLOCKS = YES;
				GCC_WARN_64_TO_32_BIT_CONVERSION = YES;
				GCC_WARN_ABOUT_RETURN_TYPE = YES_ERROR;
				GCC_WARN_UNDECLARED_SELECTOR = YES;
				GCC_WARN_UNINITIALIZED_AUTOS = YES_AGGRESSIVE;
				GCC_WARN_UNUSED_FUNCTION = YES;
				GCC_WARN_UNUSED_VARIABLE = YES;
				IPHONEOS_DEPLOYMENT_TARGET = 14.4;
				MTL_ENABLE_DEBUG_INFO = NO;
				MTL_FAST_MATH = YES;
				SDKROOT = iphoneos;
				SWIFT_COMPILATION_MODE = wholemodule;
				SWIFT_OPTIMIZATION_LEVEL = "-O";
				VALIDATE_PRODUCT = YES;
			};
			name = Release;
		};
		DB29524525FA09B100C6444E /* Debug */ = {
			isa = XCBuildConfiguration;
			buildSettings = {
				ASSETCATALOG_COMPILER_APPICON_NAME = AppIcon;
				ASSETCATALOG_COMPILER_GLOBAL_ACCENT_COLOR_NAME = AccentColor;
				CODE_SIGN_STYLE = Automatic;
				DEVELOPMENT_TEAM = ENYNN9L389;
				INFOPLIST_FILE = "ramp-up/Info.plist";
				LD_RUNPATH_SEARCH_PATHS = (
					"$(inherited)",
					"@executable_path/Frameworks",
				);
				PRODUCT_BUNDLE_IDENTIFIER = "com.arturz.ramp-up";
				PRODUCT_NAME = "$(TARGET_NAME)";
				SWIFT_VERSION = 5.0;
				TARGETED_DEVICE_FAMILY = "1,2";
			};
			name = Debug;
		};
		DB29524625FA09B100C6444E /* Release */ = {
			isa = XCBuildConfiguration;
			buildSettings = {
				ASSETCATALOG_COMPILER_APPICON_NAME = AppIcon;
				ASSETCATALOG_COMPILER_GLOBAL_ACCENT_COLOR_NAME = AccentColor;
				CODE_SIGN_STYLE = Automatic;
				DEVELOPMENT_TEAM = ENYNN9L389;
				INFOPLIST_FILE = "ramp-up/Info.plist";
				LD_RUNPATH_SEARCH_PATHS = (
					"$(inherited)",
					"@executable_path/Frameworks",
				);
				PRODUCT_BUNDLE_IDENTIFIER = "com.arturz.ramp-up";
				PRODUCT_NAME = "$(TARGET_NAME)";
				SWIFT_VERSION = 5.0;
				TARGETED_DEVICE_FAMILY = "1,2";
			};
			name = Release;
		};
/* End XCBuildConfiguration section */

/* Begin XCConfigurationList section */
		DB29522B25FA09B000C6444E /* Build configuration list for PBXProject "ramp-up" */ = {
			isa = XCConfigurationList;
			buildConfigurations = (
				DB29524225FA09B100C6444E /* Debug */,
				DB29524325FA09B100C6444E /* Release */,
			);
			defaultConfigurationIsVisible = 0;
			defaultConfigurationName = Release;
		};
		DB29524425FA09B100C6444E /* Build configuration list for PBXNativeTarget "ramp-up" */ = {
			isa = XCConfigurationList;
			buildConfigurations = (
				DB29524525FA09B100C6444E /* Debug */,
				DB29524625FA09B100C6444E /* Release */,
			);
			defaultConfigurationIsVisible = 0;
			defaultConfigurationName = Release;
		};
/* End XCConfigurationList section */
	};
	rootObject = DB29522825FA09B000C6444E /* Project object */;
}
